{
  "name": "pokedata",
  "version": "1.0.0",
  "lockfileVersion": 1,
  "requires": true,
  "dependencies": {
    "async-csv": {
      "version": "2.1.3",
      "resolved": "https://registry.npmjs.org/async-csv/-/async-csv-2.1.3.tgz",
      "integrity": "sha512-mpsCN+D7mzZeqrlDw7UTPhvDQDlx1i819E9fbKIt8drkgED5FSOlBv3Rk/+sXdevnO2wwlRkVOQ4kdT0AyqPqQ==",
      "requires": {
        "csv": "^5.1.3"
      }
    },
    "bluebird": {
      "version": "3.7.2",
      "resolved": "https://registry.npmjs.org/bluebird/-/bluebird-3.7.2.tgz",
      "integrity": "sha512-XpNj6GDQzdfW+r2Wnn7xiSAd7TM3jzkxGXBGTtWKuSXv1xUV+azxAm8jdWZN06QTQk+2N2XB9jRDkvbmQmcRtg=="
    },
    "csv": {
      "version": "5.3.2",
      "resolved": "https://registry.npmjs.org/csv/-/csv-5.3.2.tgz",
      "integrity": "sha512-odDyucr9OgJTdGM2wrMbJXbOkJx3nnUX3Pt8SFOwlAMOpsUQlz1dywvLMXJWX/4Ib0rjfOsaawuuwfI5ucqBGQ==",
      "requires": {
        "csv-generate": "^3.2.4",
        "csv-parse": "^4.8.8",
        "csv-stringify": "^5.3.6",
        "stream-transform": "^2.0.1"
      }
    },
    "csv-generate": {
      "version": "3.2.4",
      "resolved": "https://registry.npmjs.org/csv-generate/-/csv-generate-3.2.4.tgz",
      "integrity": "sha512-qNM9eqlxd53TWJeGtY1IQPj90b563Zx49eZs8e0uMyEvPgvNVmX1uZDtdzAcflB3PniuH9creAzcFOdyJ9YGvA=="
    },
    "csv-parse": {
      "version": "4.9.0",
      "resolved": "https://registry.npmjs.org/csv-parse/-/csv-parse-4.9.0.tgz",
      "integrity": "sha512-SaFMvRWzobY9z0Nxg+q5pXvU2JY7p++icb1Bb/ZwGSLv058cLabhGg3YNpLPI2KALtZnoe/oNBCfWX9xgTkcaA=="
    },
    "csv-stringify": {
      "version": "5.4.3",
      "resolved": "https://registry.npmjs.org/csv-stringify/-/csv-stringify-5.4.3.tgz",
      "integrity": "sha512-WJLgRJQcVjPK45jXS1xfnkwVbw9bOjg2F2BQRa9OkG7Di2W/geclPZNlcQTwxbzn1nEDI2ane2AubTdTd6gCvw=="
    },
    "csvtojson": {
      "version": "2.0.10",
      "resolved": "https://registry.npmjs.org/csvtojson/-/csvtojson-2.0.10.tgz",
      "integrity": "sha512-lUWFxGKyhraKCW8Qghz6Z0f2l/PqB1W3AO0HKJzGIQ5JRSlR651ekJDiGJbBT4sRNNv5ddnSGVEnsxP9XRCVpQ==",
      "requires": {
        "bluebird": "^3.5.1",
        "lodash": "^4.17.3",
        "strip-bom": "^2.0.0"
      }
    },
    "is-utf8": {
      "version": "0.2.1",
      "resolved": "https://registry.npmjs.org/is-utf8/-/is-utf8-0.2.1.tgz",
      "integrity": "sha1-Sw2hRCEE0bM2NA6AeX6GXPOffXI="
    },
    "lodash": {
      "version": "4.17.15",
      "resolved": "https://registry.npmjs.org/lodash/-/lodash-4.17.15.tgz",
      "integrity": "sha512-8xOcRHvCjnocdS5cpwXQXVzmmh5e5+saE2QGoeQmbKmRS6J3VQppPOIt0MnmE+4xlZoumy0GPG0D0MVIQbNA1A=="
    },
    "mixme": {
      "version": "0.3.5",
      "resolved": "https://registry.npmjs.org/mixme/-/mixme-0.3.5.tgz",
      "integrity": "sha512-SyV9uPETRig5ZmYev0ANfiGeB+g6N2EnqqEfBbCGmmJ6MgZ3E4qv5aPbnHVdZ60KAHHXV+T3sXopdrnIXQdmjQ=="
    },
    "objects-to-csv": {
      "version": "1.3.6",
      "resolved": "https://registry.npmjs.org/objects-to-csv/-/objects-to-csv-1.3.6.tgz",
      "integrity": "sha512-383eSpS3hmgCksW85KIqBtcbgSW5DDVsCmzLoM6C3q4yzOX2rmtWxF4pbLJ76fz+ufA+4/SwAT4QdaY6IUWmAg==",
      "requires": {
        "async-csv": "^2.1.3"
      }
    },
    "pokedex": {
      "version": "1.1.0",
      "resolved": "https://registry.npmjs.org/pokedex/-/pokedex-1.1.0.tgz",
      "integrity": "sha512-hqBajgAuM3kxb6NsXjklsfoNIIMPIhG6f6o9cytGVW2UEEbyLcB5ilM4dKDweklHldUsgrqF5GdUVa+Q6uhgTA==",
      "requires": {
        "csvtojson": "^2.0.8"
      }
    },
    "pokemon": {
      "version": "2.0.2",
      "resolved": "https://registry.npmjs.org/pokemon/-/pokemon-2.0.2.tgz",
      "integrity": "sha512-lKfv+uUYOut9gO2w21/Nau+aIFF8JIUiuLXAymr09j+ie8oiUOoV2rqX8LhLFWppcz4lEnPNPV5wGPWla0x0wQ==",
      "requires": {
        "unique-random-array": "^2.0.0"
      }
    },
    "stream-transform": {
      "version": "2.0.1",
      "resolved": "https://registry.npmjs.org/stream-transform/-/stream-transform-2.0.1.tgz",
      "integrity": "sha512-GiTcO/rRvZP2R8WPwxmxCFP+Of1yIATuFAmYkvSLDfcD93X2WHiPwdgIqeFT2CvL1gyAsjQvu1nB6RDNQ5b2jw==",
      "requires": {
        "mixme": "^0.3.1"
      }
    },
    "strip-bom": {
      "version": "2.0.0",
      "resolved": "https://registry.npmjs.org/strip-bom/-/strip-bom-2.0.0.tgz",
      "integrity": "sha1-YhmoVhZSBJHzV4i9vxRHqZx+aw4=",
      "requires": {
        "is-utf8": "^0.2.0"
      }
    },
    "unique-random": {
      "version": "2.1.0",
      "resolved": "https://registry.npmjs.org/unique-random/-/unique-random-2.1.0.tgz",
      "integrity": "sha512-iQ1ZgWac3b8YxGThecQFRQiqgk6xFERRwHZIWeVVsqlbmgCRl0PY13R4mUkodNgctmg5b5odG1nyW/IbOxQTqg=="
    },
    "unique-random-array": {
      "version": "2.0.0",
      "resolved": "https://registry.npmjs.org/unique-random-array/-/unique-random-array-2.0.0.tgz",
      "integrity": "sha512-xR87O95fZ7hljw84J8r1YDXrvffPLWN513BNOP4Bv0KcgG5dyEUrHwsvP7mVAOKg4Y80uqRbpUk0GKr8il70qg==",
      "requires": {
        "unique-random": "^2.1.0"
      }
    }
  }
}
